
Microsoft Visual Studio Solution File, Format Version 12.00
# Visual Studio Version 17
VisualStudioVersion = 17.2.32526.322
MinimumVisualStudioVersion = 10.0.40219.1
Project("{FAE04EC0-301F-11D3-BF4B-00C04F79EFBC}") = "os-canary-k8s-core", "os-canary-k8s-core\os-canary-k8s-core.csproj", "{D03EE253-8CD7-4B1E-8987-1BE8B8A43ACD}"
EndProject
Global
	GlobalSection(SolutionConfigurationPlatforms) = preSolution
		Debug|Any CPU = Debug|Any CPU
		Release|Any CPU = Release|Any CPU
	EndGlobalSection
	GlobalSection(ProjectConfigurationPlatforms) = postSolution
		{D03EE253-8CD7-4B1E-8987-1BE8B8A43ACD}.Debug|Any CPU.ActiveCfg = Debug|Any CPU
		{D03EE253-8CD7-4B1E-8987-1BE8B8A43ACD}.Debug|Any CPU.Build.0 = Debug|Any CPU
		{D03EE253-8CD7-4B1E-8987-1BE8B8A43ACD}.Release|Any CPU.ActiveCfg = Release|Any CPU
		{D03EE253-8CD7-4B1E-8987-1BE8B8A43ACD}.Release|Any CPU.Build.0 = Release|Any CPU
	EndGlobalSection
	GlobalSection(SolutionProperties) = preSolution
		HideSolutionNode = FALSE
	EndGlobalSection
	GlobalSection(ExtensibilityGlobals) = postSolution
		SolutionGuid = {23F941EC-ED61-4A02-A3E2-6CB403DA6E2B}
	EndGlobalSection
EndGlobal
